// !$*UTF8*$!
{
	archiveVersion = 1;
	classes = {
	};
	objectVersion = 52;
	objects = {

/* Begin PBXBuildFile section */
		944DF494264DF6940024ABF2 /* Characters.swift in Sources */ = {isa = PBXBuildFile; fileRef = 944DF493264DF6940024ABF2 /* Characters.swift */; };
		94A29F21264DADBD0058AEC9 /* Kingfisher in Frameworks */ = {isa = PBXBuildFile; productRef = 94A29F20264DADBD0058AEC9 /* Kingfisher */; };
		94A29F25264DAF860058AEC9 /* ApiService.swift in Sources */ = {isa = PBXBuildFile; fileRef = 94A29F24264DAF860058AEC9 /* ApiService.swift */; };
		ABB14ECF264C82D30017A24B /* AppDelegate.swift in Sources */ = {isa = PBXBuildFile; fileRef = ABB14ECE264C82D30017A24B /* AppDelegate.swift */; };
		ABB14ED1264C82D30017A24B /* SceneDelegate.swift in Sources */ = {isa = PBXBuildFile; fileRef = ABB14ED0264C82D30017A24B /* SceneDelegate.swift */; };
		ABB14ED3264C82D30017A24B /* ViewController.swift in Sources */ = {isa = PBXBuildFile; fileRef = ABB14ED2264C82D30017A24B /* ViewController.swift */; };
		ABB14ED6264C82D40017A24B /* Main.storyboard in Resources */ = {isa = PBXBuildFile; fileRef = ABB14ED4264C82D40017A24B /* Main.storyboard */; };
		ABB14ED8264C82D50017A24B /* Assets.xcassets in Resources */ = {isa = PBXBuildFile; fileRef = ABB14ED7264C82D50017A24B /* Assets.xcassets */; };
		ABB14EDB264C82D50017A24B /* LaunchScreen.storyboard in Resources */ = {isa = PBXBuildFile; fileRef = ABB14ED9264C82D50017A24B /* LaunchScreen.storyboard */; };
		ABB14EE5264C85A60017A24B /* Alamofire in Frameworks */ = {isa = PBXBuildFile; productRef = ABB14EE4264C85A60017A24B /* Alamofire */; };
/* End PBXBuildFile section */

/* Begin PBXFileReference section */
		944DF493264DF6940024ABF2 /* Characters.swift */ = {isa = PBXFileReference; lastKnownFileType = sourcecode.swift; path = Characters.swift; sourceTree = "<group>"; };
		94A29F24264DAF860058AEC9 /* ApiService.swift */ = {isa = PBXFileReference; lastKnownFileType = sourcecode.swift; path = ApiService.swift; sourceTree = "<group>"; };
		ABB14ECB264C82D30017A24B /* projectAPIMarvel.app */ = {isa = PBXFileReference; explicitFileType = wrapper.application; includeInIndex = 0; path = projectAPIMarvel.app; sourceTree = BUILT_PRODUCTS_DIR; };
		ABB14ECE264C82D30017A24B /* AppDelegate.swift */ = {isa = PBXFileReference; lastKnownFileType = sourcecode.swift; path = AppDelegate.swift; sourceTree = "<group>"; };
		ABB14ED0264C82D30017A24B /* SceneDelegate.swift */ = {isa = PBXFileReference; lastKnownFileType = sourcecode.swift; path = SceneDelegate.swift; sourceTree = "<group>"; };
		ABB14ED2264C82D30017A24B /* ViewController.swift */ = {isa = PBXFileReference; lastKnownFileType = sourcecode.swift; path = ViewController.swift; sourceTree = "<group>"; };
		ABB14ED5264C82D40017A24B /* Base */ = {isa = PBXFileReference; lastKnownFileType = file.storyboard; name = Base; path = Base.lproj/Main.storyboard; sourceTree = "<group>"; };
		ABB14ED7264C82D50017A24B /* Assets.xcassets */ = {isa = PBXFileReference; lastKnownFileType = folder.assetcatalog; path = Assets.xcassets; sourceTree = "<group>"; };
		ABB14EDA264C82D50017A24B /* Base */ = {isa = PBXFileReference; lastKnownFileType = file.storyboard; name = Base; path = Base.lproj/LaunchScreen.storyboard; sourceTree = "<group>"; };
		ABB14EDC264C82D50017A24B /* Info.plist */ = {isa = PBXFileReference; lastKnownFileType = text.plist.xml; path = Info.plist; sourceTree = "<group>"; };
/* End PBXFileReference section */

/* Begin PBXFrameworksBuildPhase section */
		ABB14EC8264C82D30017A24B /* Frameworks */ = {
			isa = PBXFrameworksBuildPhase;
			buildActionMask = 2147483647;
			files = (
				94A29F21264DADBD0058AEC9 /* Kingfisher in Frameworks */,
				ABB14EE5264C85A60017A24B /* Alamofire in Frameworks */,
			);
			runOnlyForDeploymentPostprocessing = 0;
		};
/* End PBXFrameworksBuildPhase section */

/* Begin PBXGroup section */
		94A29F23264DAF6C0058AEC9 /* network */ = {
			isa = PBXGroup;
			children = (
				94A29F24264DAF860058AEC9 /* ApiService.swift */,
			);
			path = network;
			sourceTree = "<group>";
		};
		ABB14EC2264C82D30017A24B = {
			isa = PBXGroup;
			children = (
				ABB14ECD264C82D30017A24B /* projectAPIMarvel */,
				ABB14ECC264C82D30017A24B /* Products */,
			);
			sourceTree = "<group>";
		};
		ABB14ECC264C82D30017A24B /* Products */ = {
			isa = PBXGroup;
			children = (
				ABB14ECB264C82D30017A24B /* projectAPIMarvel.app */,
			);
			name = Products;
			sourceTree = "<group>";
		};
		ABB14ECD264C82D30017A24B /* projectAPIMarvel */ = {
			isa = PBXGroup;
			children = (
				ABB14EE9264C8AF20017A24B /* view */,
				ABB14EE8264C8AE10017A24B /* model */,
				ABB14EE7264C8AD00017A24B /* controller */,
				ABB14ECE264C82D30017A24B /* AppDelegate.swift */,
				ABB14ED0264C82D30017A24B /* SceneDelegate.swift */,
				ABB14ED7264C82D50017A24B /* Assets.xcassets */,
				ABB14EDC264C82D50017A24B /* Info.plist */,
			);
			path = projectAPIMarvel;
			sourceTree = "<group>";
		};
		ABB14EE7264C8AD00017A24B /* controller */ = {
			isa = PBXGroup;
			children = (
				ABB14ED2264C82D30017A24B /* ViewController.swift */,
			);
			path = controller;
			sourceTree = "<group>";
		};
		ABB14EE8264C8AE10017A24B /* model */ = {
			isa = PBXGroup;
			children = (
				944DF493264DF6940024ABF2 /* Characters.swift */,
				94A29F23264DAF6C0058AEC9 /* network */,
			);
			path = model;
			sourceTree = "<group>";
		};
		ABB14EE9264C8AF20017A24B /* view */ = {
			isa = PBXGroup;
			children = (
				ABB14ED9264C82D50017A24B /* LaunchScreen.storyboard */,
				ABB14ED4264C82D40017A24B /* Main.storyboard */,
			);
			path = view;
			sourceTree = "<group>";
		};
/* End PBXGroup section */

/* Begin PBXNativeTarget section */
		ABB14ECA264C82D30017A24B /* projectAPIMarvel */ = {
			isa = PBXNativeTarget;
			buildConfigurationList = ABB14EDF264C82D50017A24B /* Build configuration list for PBXNativeTarget "projectAPIMarvel" */;
			buildPhases = (
				ABB14EC7264C82D30017A24B /* Sources */,
				ABB14EC8264C82D30017A24B /* Frameworks */,
				ABB14EC9264C82D30017A24B /* Resources */,
			);
			buildRules = (
			);
			dependencies = (
			);
			name = projectAPIMarvel;
			packageProductDependencies = (
				ABB14EE4264C85A60017A24B /* Alamofire */,
				94A29F20264DADBD0058AEC9 /* Kingfisher */,
			);
			productName = projectAPIMarvel;
			productReference = ABB14ECB264C82D30017A24B /* projectAPIMarvel.app */;
			productType = "com.apple.product-type.application";
		};
/* End PBXNativeTarget section */

/* Begin PBXProject section */
		ABB14EC3264C82D30017A24B /* Project object */ = {
			isa = PBXProject;
			attributes = {
				LastSwiftUpdateCheck = 1240;
				LastUpgradeCheck = 1240;
				TargetAttributes = {
					ABB14ECA264C82D30017A24B = {
						CreatedOnToolsVersion = 12.4;
					};
				};
			};
			buildConfigurationList = ABB14EC6264C82D30017A24B /* Build configuration list for PBXProject "projectAPIMarvel" */;
			compatibilityVersion = "Xcode 9.3";
			developmentRegion = en;
			hasScannedForEncodings = 0;
			knownRegions = (
				en,
				Base,
			);
			mainGroup = ABB14EC2264C82D30017A24B;
			packageReferences = (
				ABB14EE3264C85A60017A24B /* XCRemoteSwiftPackageReference "Alamofire" */,
				94A29F1F264DADBD0058AEC9 /* XCRemoteSwiftPackageReference "Kingfisher" */,
			);
			productRefGroup = ABB14ECC264C82D30017A24B /* Products */;
			projectDirPath = "";
			projectRoot = "";
			targets = (
				ABB14ECA264C82D30017A24B /* projectAPIMarvel */,
			);
		};
/* End PBXProject section */

/* Begin PBXResourcesBuildPhase section */
		ABB14EC9264C82D30017A24B /* Resources */ = {
			isa = PBXResourcesBuildPhase;
			buildActionMask = 2147483647;
			files = (
				ABB14EDB264C82D50017A24B /* LaunchScreen.storyboard in Resources */,
				ABB14ED8264C82D50017A24B /* Assets.xcassets in Resources */,
				ABB14ED6264C82D40017A24B /* Main.storyboard in Resources */,
			);
			runOnlyForDeploymentPostprocessing = 0;
		};
/* End PBXResourcesBuildPhase section */

/* Begin PBXSourcesBuildPhase section */
		ABB14EC7264C82D30017A24B /* Sources */ = {
			isa = PBXSourcesBuildPhase;
			buildActionMask = 2147483647;
			files = (
				ABB14ED3264C82D30017A24B /* ViewController.swift in Sources */,
				ABB14ECF264C82D30017A24B /* AppDelegate.swift in Sources */,
				94A29F25264DAF860058AEC9 /* ApiService.swift in Sources */,
				944DF494264DF6940024ABF2 /* Characters.swift in Sources */,
				ABB14ED1264C82D30017A24B /* SceneDelegate.swift in Sources */,
			);
			runOnlyForDeploymentPostprocessing = 0;
		};
/* End PBXSourcesBuildPhase section */

/* Begin PBXVariantGroup section */
		ABB14ED4264C82D40017A24B /* Main.storyboard */ = {
			isa = PBXVariantGroup;
			children = (
				ABB14ED5264C82D40017A24B /* Base */,
			);
			name = Main.storyboard;
			sourceTree = "<group>";
		};
		ABB14ED9264C82D50017A24B /* LaunchScreen.storyboard */ = {
			isa = PBXVariantGroup;
			children = (
				ABB14EDA264C82D50017A24B /* Base */,
			);
			name = LaunchScreen.storyboard;
			sourceTree = "<group>";
		};
/* End PBXVariantGroup section */

/* Begin XCBuildConfiguration section */
		ABB14EDD264C82D50017A24B /* Debug */ = {
			isa = XCBuildConfiguration;
			buildSettings = {
				ALWAYS_SEARCH_USER_PATHS = NO;
				CLANG_ANALYZER_NONNULL = YES;
				CLANG_ANALYZER_NUMBER_OBJECT_CONVERSION = YES_AGGRESSIVE;
				CLANG_CXX_LANGUAGE_STANDARD = "gnu++14";
				CLANG_CXX_LIBRARY = "libc++";
				CLANG_ENABLE_MODULES = YES;
				CLANG_ENABLE_OBJC_ARC = YES;
				CLANG_ENABLE_OBJC_WEAK = YES;
				CLANG_WARN_BLOCK_CAPTURE_AUTORELEASING = YES;
				CLANG_WARN_BOOL_CONVERSION = YES;
				CLANG_WARN_COMMA = YES;
				CLANG_WARN_CONSTANT_CONVERSION = YES;
				CLANG_WARN_DEPRECATED_OBJC_IMPLEMENTATIONS = YES;
				CLANG_WARN_DIRECT_OBJC_ISA_USAGE = YES_ERROR;
				CLANG_WARN_DOCUMENTATION_COMMENTS = YES;
				CLANG_WARN_EMPTY_BODY = YES;
				CLANG_WARN_ENUM_CONVERSION = YES;
				CLANG_WARN_INFINITE_RECURSION = YES;
				CLANG_WARN_INT_CONVERSION = YES;
				CLANG_WARN_NON_LITERAL_NULL_CONVERSION = YES;
				CLANG_WARN_OBJC_IMPLICIT_RETAIN_SELF = YES;
				CLANG_WARN_OBJC_LITERAL_CONVERSION = YES;
				CLANG_WARN_OBJC_ROOT_CLASS = YES_ERROR;
				CLANG_WARN_QUOTED_INCLUDE_IN_FRAMEWORK_HEADER = YES;
				CLANG_WARN_RANGE_LOOP_ANALYSIS = YES;
				CLANG_WARN_STRICT_PROTOTYPES = YES;
				CLANG_WARN_SUSPICIOUS_MOVE = YES;
				CLANG_WARN_UNGUARDED_AVAILABILITY = YES_AGGRESSIVE;
				CLANG_WARN_UNREACHABLE_CODE = YES;
				CLANG_WARN__DUPLICATE_METHOD_MATCH = YES;
				COPY_PHASE_STRIP = NO;
				DEBUG_INFORMATION_FORMAT = dwarf;
				ENABLE_STRICT_OBJC_MSGSEND = YES;
				ENABLE_TESTABILITY = YES;
				GCC_C_LANGUAGE_STANDARD = gnu11;
				GCC_DYNAMIC_NO_PIC = NO;
				GCC_NO_COMMON_BLOCKS = YES;
				GCC_OPTIMIZATION_LEVEL = 0;
				GCC_PREPROCESSOR_DEFINITIONS = (
					"DEBUG=1",
					"$(inherited)",
				);
				GCC_WARN_64_TO_32_BIT_CONVERSION = YES;
				GCC_WARN_ABOUT_RETURN_TYPE = YES_ERROR;
				GCC_WARN_UNDECLARED_SELECTOR = YES;
				GCC_WARN_UNINITIALIZED_AUTOS = YES_AGGRESSIVE;
				GCC_WARN_UNUSED_FUNCTION = YES;
				GCC_WARN_UNUSED_VARIABLE = YES;
				IPHONEOS_DEPLOYMENT_TARGET = 14.4;
				MTL_ENABLE_DEBUG_INFO = INCLUDE_SOURCE;
				MTL_FAST_MATH = YES;
				ONLY_ACTIVE_ARCH = YES;
				SDKROOT = iphoneos;
				SWIFT_ACTIVE_COMPILATION_CONDITIONS = DEBUG;
				SWIFT_OPTIMIZATION_LEVEL = "-Onone";
			};
			name = Debug;
		};
		ABB14EDE264C82D50017A24B /* Release */ = {
			isa = XCBuildConfiguration;
			buildSettings = {
				ALWAYS_SEARCH_USER_PATHS = NO;
				CLANG_ANALYZER_NONNULL = YES;
				CLANG_ANALYZER_NUMBER_OBJECT_CONVERSION = YES_AGGRESSIVE;
				CLANG_CXX_LANGUAGE_STANDARD = "gnu++14";
				CLANG_CXX_LIBRARY = "libc++";
				CLANG_ENABLE_MODULES = YES;
				CLANG_ENABLE_OBJC_ARC = YES;
				CLANG_ENABLE_OBJC_WEAK = YES;
				CLANG_WARN_BLOCK_CAPTURE_AUTORELEASING = YES;
				CLANG_WARN_BOOL_CONVERSION = YES;
				CLANG_WARN_COMMA = YES;
				CLANG_WARN_CONSTANT_CONVERSION = YES;
				CLANG_WARN_DEPRECATED_OBJC_IMPLEMENTATIONS = YES;
				CLANG_WARN_DIRECT_OBJC_ISA_USAGE = YES_ERROR;
				CLANG_WARN_DOCUMENTATION_COMMENTS = YES;
				CLANG_WARN_EMPTY_BODY = YES;
				CLANG_WARN_ENUM_CONVERSION = YES;
				CLANG_WARN_INFINITE_RECURSION = YES;
				CLANG_WARN_INT_CONVERSION = YES;
				CLANG_WARN_NON_LITERAL_NULL_CONVERSION = YES;
				CLANG_WARN_OBJC_IMPLICIT_RETAIN_SELF = YES;
				CLANG_WARN_OBJC_LITERAL_CONVERSION = YES;
				CLANG_WARN_OBJC_ROOT_CLASS = YES_ERROR;
				CLANG_WARN_QUOTED_INCLUDE_IN_FRAMEWORK_HEADER = YES;
				CLANG_WARN_RANGE_LOOP_ANALYSIS = YES;
				CLANG_WARN_STRICT_PROTOTYPES = YES;
				CLANG_WARN_SUSPICIOUS_MOVE = YES;
				CLANG_WARN_UNGUARDED_AVAILABILITY = YES_AGGRESSIVE;
				CLANG_WARN_UNREACHABLE_CODE = YES;
				CLANG_WARN__DUPLICATE_METHOD_MATCH = YES;
				COPY_PHASE_STRIP = NO;
				DEBUG_INFORMATION_FORMAT = "dwarf-with-dsym";
				ENABLE_NS_ASSERTIONS = NO;
				ENABLE_STRICT_OBJC_MSGSEND = YES;
				GCC_C_LANGUAGE_STANDARD = gnu11;
				GCC_NO_COMMON_BLOCKS = YES;
				GCC_WARN_64_TO_32_BIT_CONVERSION = YES;
				GCC_WARN_ABOUT_RETURN_TYPE = YES_ERROR;
				GCC_WARN_UNDECLARED_SELECTOR = YES;
				GCC_WARN_UNINITIALIZED_AUTOS = YES_AGGRESSIVE;
				GCC_WARN_UNUSED_FUNCTION = YES;
				GCC_WARN_UNUSED_VARIABLE = YES;
				IPHONEOS_DEPLOYMENT_TARGET = 14.4;
				MTL_ENABLE_DEBUG_INFO = NO;
				MTL_FAST_MATH = YES;
				SDKROOT = iphoneos;
				SWIFT_COMPILATION_MODE = wholemodule;
				SWIFT_OPTIMIZATION_LEVEL = "-O";
				VALIDATE_PRODUCT = YES;
			};
			name = Release;
		};
		ABB14EE0264C82D50017A24B /* Debug */ = {
			isa = XCBuildConfiguration;
			buildSettings = {
				ASSETCATALOG_COMPILER_APPICON_NAME = AppIcon;
				ASSETCATALOG_COMPILER_GLOBAL_ACCENT_COLOR_NAME = AccentColor;
				CODE_SIGN_STYLE = Automatic;
				INFOPLIST_FILE = projectAPIMarvel/Info.plist;
				LD_RUNPATH_SEARCH_PATHS = (
					"$(inherited)",
					"@executable_path/Frameworks",
				);
				PRODUCT_BUNDLE_IDENTIFIER = br.com.levyhanunes.projectAPIMarvel;
				PRODUCT_NAME = "$(TARGET_NAME)";
				SWIFT_VERSION = 5.0;
				TARGETED_DEVICE_FAMILY = "1,2";
			};
			name = Debug;
		};
		ABB14EE1264C82D50017A24B /* Release */ = {
			isa = XCBuildConfiguration;
			buildSettings = {
				ASSETCATALOG_COMPILER_APPICON_NAME = AppIcon;
				ASSETCATALOG_COMPILER_GLOBAL_ACCENT_COLOR_NAME = AccentColor;
				CODE_SIGN_STYLE = Automatic;
				INFOPLIST_FILE = projectAPIMarvel/Info.plist;
				LD_RUNPATH_SEARCH_PATHS = (
					"$(inherited)",
					"@executable_path/Frameworks",
				);
				PRODUCT_BUNDLE_IDENTIFIER = br.com.levyhanunes.projectAPIMarvel;
				PRODUCT_NAME = "$(TARGET_NAME)";
				SWIFT_VERSION = 5.0;
				TARGETED_DEVICE_FAMILY = "1,2";
			};
			name = Release;
		};
/* End XCBuildConfiguration section */

/* Begin XCConfigurationList section */
		ABB14EC6264C82D30017A24B /* Build configuration list for PBXProject "projectAPIMarvel" */ = {
			isa = XCConfigurationList;
			buildConfigurations = (
				ABB14EDD264C82D50017A24B /* Debug */,
				ABB14EDE264C82D50017A24B /* Release */,
			);
			defaultConfigurationIsVisible = 0;
			defaultConfigurationName = Release;
		};
		ABB14EDF264C82D50017A24B /* Build configuration list for PBXNativeTarget "projectAPIMarvel" */ = {
			isa = XCConfigurationList;
			buildConfigurations = (
				ABB14EE0264C82D50017A24B /* Debug */,
				ABB14EE1264C82D50017A24B /* Release */,
			);
			defaultConfigurationIsVisible = 0;
			defaultConfigurationName = Release;
		};
/* End XCConfigurationList section */

/* Begin XCRemoteSwiftPackageReference section */
		94A29F1F264DADBD0058AEC9 /* XCRemoteSwiftPackageReference "Kingfisher" */ = {
			isa = XCRemoteSwiftPackageReference;
			repositoryURL = "https://github.com/onevcat/Kingfisher.git";
			requirement = {
				kind = upToNextMajorVersion;
				minimumVersion = 6.3.0;
			};
		};
		ABB14EE3264C85A60017A24B /* XCRemoteSwiftPackageReference "Alamofire" */ = {
			isa = XCRemoteSwiftPackageReference;
			repositoryURL = "https://github.com/Alamofire/Alamofire.git";
			requirement = {
				kind = upToNextMajorVersion;
				minimumVersion = 5.4.3;
			};
		};
/* End XCRemoteSwiftPackageReference section */

/* Begin XCSwiftPackageProductDependency section */
		94A29F20264DADBD0058AEC9 /* Kingfisher */ = {
			isa = XCSwiftPackageProductDependency;
			package = 94A29F1F264DADBD0058AEC9 /* XCRemoteSwiftPackageReference "Kingfisher" */;
			productName = Kingfisher;
		};
		ABB14EE4264C85A60017A24B /* Alamofire */ = {
			isa = XCSwiftPackageProductDependency;
			package = ABB14EE3264C85A60017A24B /* XCRemoteSwiftPackageReference "Alamofire" */;
			productName = Alamofire;
		};
/* End XCSwiftPackageProductDependency section */
	};
	rootObject = ABB14EC3264C82D30017A24B /* Project object */;
}
